%{
  "circuits_uart": {:hex, :circuits_uart, "1.5.0", "539fe1e21f26950b48fbd9ccc0789c7fad450d90bfe76ffedee3e147d8184ddd", [:mix], [{:elixir_make, "~> 0.6", [hex: :elixir_make, repo: "hexpm", optional: false]}], "hexpm", "6c4f88554d68321d1bb26f5622b209bed5db91ed57966f59856a42874e1fb58d"},
  "crc": {:hex, :crc, "0.10.1", "87a0478e5a930926f1062397c9eb32d981f6b3abbc352d6d6fecf45a1725b249", [:mix, :rebar3], [{:elixir_make, "~> 0.6", [hex: :elixir_make, repo: "hexpm", optional: false]}], "hexpm", "ed3a9a673d4726fd12d6f58811f014e33cb3926b28f9639b12456ccb241d0f9b"},
  "elixir_make": {:hex, :elixir_make, "0.6.3", "bc07d53221216838d79e03a8019d0839786703129599e9619f4ab74c8c096eac", [:mix], [], "hexpm", "f5cbd651c5678bcaabdbb7857658ee106b12509cd976c2c2fca99688e1daf716"},
}
